
Microsoft Visual Studio Solution File, Format Version 12.00
# Visual Studio Version 17
VisualStudioVersion = 17.13.35806.99 d17.13
MinimumVisualStudioVersion = 10.0.40219.1
Project("{FAE04EC0-301F-11D3-BF4B-00C04F79EFBC}") = "12-3-25", "12-3-25\12-3-25.csproj", "{90494FF8-5F0D-40A4-BC33-29CE69F5718C}"
EndProject
Global
	GlobalSection(SolutionConfigurationPlatforms) = preSolution
		Debug|Any CPU = Debug|Any CPU
		Release|Any CPU = Release|Any CPU
	EndGlobalSection
	GlobalSection(ProjectConfigurationPlatforms) = postSolution
		{90494FF8-5F0D-40A4-BC33-29CE69F5718C}.Debug|Any CPU.ActiveCfg = Debug|Any CPU
		{90494FF8-5F0D-40A4-BC33-29CE69F5718C}.Debug|Any CPU.Build.0 = Debug|Any CPU
		{90494FF8-5F0D-40A4-BC33-29CE69F5718C}.Release|Any CPU.ActiveCfg = Release|Any CPU
		{90494FF8-5F0D-40A4-BC33-29CE69F5718C}.Release|Any CPU.Build.0 = Release|Any CPU
	EndGlobalSection
	GlobalSection(SolutionProperties) = preSolution
		HideSolutionNode = FALSE
	EndGlobalSection
	GlobalSection(ExtensibilityGlobals) = postSolution
		SolutionGuid = {A581C428-C5F1-46D1-89A7-581B9459FD15}
	EndGlobalSection
EndGlobal
